
Microsoft Visual Studio Solution File, Format Version 12.00
# Visual Studio 15
VisualStudioVersion = 15.0.28307.1525
MinimumVisualStudioVersion = 10.0.40219.1
Project("{FAE04EC0-301F-11D3-BF4B-00C04F79EFBC}") = "Yemek_Tarifleri_Sitem", "Yemek_Tarifleri_Sitem\Yemek_Tarifleri_Sitem.csproj", "{6FB4A1EB-55B7-4BCE-9C80-22DE5E36B32D}"
EndProject
Global
	GlobalSection(SolutionConfigurationPlatforms) = preSolution
		Debug|Any CPU = Debug|Any CPU
		Release|Any CPU = Release|Any CPU
	EndGlobalSection
	GlobalSection(ProjectConfigurationPlatforms) = postSolution
		{6FB4A1EB-55B7-4BCE-9C80-22DE5E36B32D}.Debug|Any CPU.ActiveCfg = Debug|Any CPU
		{6FB4A1EB-55B7-4BCE-9C80-22DE5E36B32D}.Debug|Any CPU.Build.0 = Debug|Any CPU
		{6FB4A1EB-55B7-4BCE-9C80-22DE5E36B32D}.Release|Any CPU.ActiveCfg = Release|Any CPU
		{6FB4A1EB-55B7-4BCE-9C80-22DE5E36B32D}.Release|Any CPU.Build.0 = Release|Any CPU
	EndGlobalSection
	GlobalSection(SolutionProperties) = preSolution
		HideSolutionNode = FALSE
	EndGlobalSection
	GlobalSection(ExtensibilityGlobals) = postSolution
		SolutionGuid = {B9ABE4AC-74EE-4175-B2B6-240A7529E787}
	EndGlobalSection
EndGlobal
